// !$*UTF8*$!
{
	archiveVersion = 1;
	classes = {
	};
	objectVersion = 46;
	objects = {

/* Begin PBXBuildFile section */
		EBC875CB1DF6253C000270A2 /* main.m in Sources */ = {isa = PBXBuildFile; fileRef = EBC875CA1DF6253C000270A2 /* main.m */; };
		EBC875CE1DF6253C000270A2 /* AppDelegate.m in Sources */ = {isa = PBXBuildFile; fileRef = EBC875CD1DF6253C000270A2 /* AppDelegate.m */; };
		EBC875D11DF6253C000270A2 /* ViewController.m in Sources */ = {isa = PBXBuildFile; fileRef = EBC875D01DF6253C000270A2 /* ViewController.m */; };
		EBC875D41DF6253C000270A2 /* Main.storyboard in Resources */ = {isa = PBXBuildFile; fileRef = EBC875D21DF6253C000270A2 /* Main.storyboard */; };
		EBC875D61DF6253C000270A2 /* Assets.xcassets in Resources */ = {isa = PBXBuildFile; fileRef = EBC875D51DF6253C000270A2 /* Assets.xcassets */; };
		EBC875D91DF6253C000270A2 /* LaunchScreen.storyboard in Resources */ = {isa = PBXBuildFile; fileRef = EBC875D71DF6253C000270A2 /* LaunchScreen.storyboard */; };
		EBC875E21DF62574000270A2 /* IESBPersistenceController.m in Sources */ = {isa = PBXBuildFile; fileRef = EBC875E11DF62574000270A2 /* IESBPersistenceController.m */; };
		EBC875E51DF62CA7000270A2 /* MeuBanco.xcdatamodeld in Sources */ = {isa = PBXBuildFile; fileRef = EBC875E31DF62CA7000270A2 /* MeuBanco.xcdatamodeld */; };
/* End PBXBuildFile section */

/* Begin PBXFileReference section */
		EBC875C61DF6253C000270A2 /* ExemploStackNaoTrivial.app */ = {isa = PBXFileReference; explicitFileType = wrapper.application; includeInIndex = 0; path = ExemploStackNaoTrivial.app; sourceTree = BUILT_PRODUCTS_DIR; };
		EBC875CA1DF6253C000270A2 /* main.m */ = {isa = PBXFileReference; lastKnownFileType = sourcecode.c.objc; path = main.m; sourceTree = "<group>"; };
		EBC875CC1DF6253C000270A2 /* AppDelegate.h */ = {isa = PBXFileReference; lastKnownFileType = sourcecode.c.h; path = AppDelegate.h; sourceTree = "<group>"; };
		EBC875CD1DF6253C000270A2 /* AppDelegate.m */ = {isa = PBXFileReference; lastKnownFileType = sourcecode.c.objc; path = AppDelegate.m; sourceTree = "<group>"; };
		EBC875CF1DF6253C000270A2 /* ViewController.h */ = {isa = PBXFileReference; lastKnownFileType = sourcecode.c.h; path = ViewController.h; sourceTree = "<group>"; };
		EBC875D01DF6253C000270A2 /* ViewController.m */ = {isa = PBXFileReference; lastKnownFileType = sourcecode.c.objc; path = ViewController.m; sourceTree = "<group>"; };
		EBC875D31DF6253C000270A2 /* Base */ = {isa = PBXFileReference; lastKnownFileType = file.storyboard; name = Base; path = Base.lproj/Main.storyboard; sourceTree = "<group>"; };
		EBC875D51DF6253C000270A2 /* Assets.xcassets */ = {isa = PBXFileReference; lastKnownFileType = folder.assetcatalog; path = Assets.xcassets; sourceTree = "<group>"; };
		EBC875D81DF6253C000270A2 /* Base */ = {isa = PBXFileReference; lastKnownFileType = file.storyboard; name = Base; path = Base.lproj/LaunchScreen.storyboard; sourceTree = "<group>"; };
		EBC875DA1DF6253C000270A2 /* Info.plist */ = {isa = PBXFileReference; lastKnownFileType = text.plist.xml; path = Info.plist; sourceTree = "<group>"; };
		EBC875E01DF62574000270A2 /* IESBPersistenceController.h */ = {isa = PBXFileReference; fileEncoding = 4; lastKnownFileType = sourcecode.c.h; path = IESBPersistenceController.h; sourceTree = "<group>"; };
		EBC875E11DF62574000270A2 /* IESBPersistenceController.m */ = {isa = PBXFileReference; fileEncoding = 4; lastKnownFileType = sourcecode.c.objc; path = IESBPersistenceController.m; sourceTree = "<group>"; };
		EBC875E41DF62CA7000270A2 /* MeuBanco.xcdatamodel */ = {isa = PBXFileReference; lastKnownFileType = wrapper.xcdatamodel; path = MeuBanco.xcdatamodel; sourceTree = "<group>"; };
		EBC875E71DF63439000270A2 /* MeuBanco_Novo.xcdatamodel */ = {isa = PBXFileReference; lastKnownFileType = wrapper.xcdatamodel; path = MeuBanco_Novo.xcdatamodel; sourceTree = "<group>"; };
/* End PBXFileReference section */

/* Begin PBXFrameworksBuildPhase section */
		EBC875C31DF6253C000270A2 /* Frameworks */ = {
			isa = PBXFrameworksBuildPhase;
			buildActionMask = 2147483647;
			files = (
			);
			runOnlyForDeploymentPostprocessing = 0;
		};
/* End PBXFrameworksBuildPhase section */

/* Begin PBXGroup section */
		EBC875BD1DF6253C000270A2 = {
			isa = PBXGroup;
			children = (
				EBC875C81DF6253C000270A2 /* ExemploStackNaoTrivial */,
				EBC875C71DF6253C000270A2 /* Products */,
			);
			sourceTree = "<group>";
		};
		EBC875C71DF6253C000270A2 /* Products */ = {
			isa = PBXGroup;
			children = (
				EBC875C61DF6253C000270A2 /* ExemploStackNaoTrivial.app */,
			);
			name = Products;
			sourceTree = "<group>";
		};
		EBC875C81DF6253C000270A2 /* ExemploStackNaoTrivial */ = {
			isa = PBXGroup;
			children = (
				EBC875CC1DF6253C000270A2 /* AppDelegate.h */,
				EBC875CD1DF6253C000270A2 /* AppDelegate.m */,
				EBC875CF1DF6253C000270A2 /* ViewController.h */,
				EBC875D01DF6253C000270A2 /* ViewController.m */,
				EBC875D21DF6253C000270A2 /* Main.storyboard */,
				EBC875D51DF6253C000270A2 /* Assets.xcassets */,
				EBC875D71DF6253C000270A2 /* LaunchScreen.storyboard */,
				EBC875DA1DF6253C000270A2 /* Info.plist */,
				EBC875C91DF6253C000270A2 /* Supporting Files */,
				EBC875E01DF62574000270A2 /* IESBPersistenceController.h */,
				EBC875E11DF62574000270A2 /* IESBPersistenceController.m */,
				EBC875E31DF62CA7000270A2 /* MeuBanco.xcdatamodeld */,
			);
			path = ExemploStackNaoTrivial;
			sourceTree = "<group>";
		};
		EBC875C91DF6253C000270A2 /* Supporting Files */ = {
			isa = PBXGroup;
			children = (
				EBC875CA1DF6253C000270A2 /* main.m */,
			);
			name = "Supporting Files";
			sourceTree = "<group>";
		};
/* End PBXGroup section */

/* Begin PBXNativeTarget section */
		EBC875C51DF6253C000270A2 /* ExemploStackNaoTrivial */ = {
			isa = PBXNativeTarget;
			buildConfigurationList = EBC875DD1DF6253C000270A2 /* Build configuration list for PBXNativeTarget "ExemploStackNaoTrivial" */;
			buildPhases = (
				EBC875C21DF6253C000270A2 /* Sources */,
				EBC875C31DF6253C000270A2 /* Frameworks */,
				EBC875C41DF6253C000270A2 /* Resources */,
			);
			buildRules = (
			);
			dependencies = (
			);
			name = ExemploStackNaoTrivial;
			productName = ExemploStackNaoTrivial;
			productReference = EBC875C61DF6253C000270A2 /* ExemploStackNaoTrivial.app */;
			productType = "com.apple.product-type.application";
		};
/* End PBXNativeTarget section */

/* Begin PBXProject section */
		EBC875BE1DF6253C000270A2 /* Project object */ = {
			isa = PBXProject;
			attributes = {
				LastUpgradeCheck = 0810;
				ORGANIZATIONNAME = IESB;
				TargetAttributes = {
					EBC875C51DF6253C000270A2 = {
						CreatedOnToolsVersion = 8.1;
						ProvisioningStyle = Automatic;
					};
				};
			};
			buildConfigurationList = EBC875C11DF6253C000270A2 /* Build configuration list for PBXProject "ExemploStackNaoTrivial" */;
			compatibilityVersion = "Xcode 3.2";
			developmentRegion = English;
			hasScannedForEncodings = 0;
			knownRegions = (
				en,
				Base,
			);
			mainGroup = EBC875BD1DF6253C000270A2;
			productRefGroup = EBC875C71DF6253C000270A2 /* Products */;
			projectDirPath = "";
			projectRoot = "";
			targets = (
				EBC875C51DF6253C000270A2 /* ExemploStackNaoTrivial */,
			);
		};
/* End PBXProject section */

/* Begin PBXResourcesBuildPhase section */
		EBC875C41DF6253C000270A2 /* Resources */ = {
			isa = PBXResourcesBuildPhase;
			buildActionMask = 2147483647;
			files = (
				EBC875D91DF6253C000270A2 /* LaunchScreen.storyboard in Resources */,
				EBC875D61DF6253C000270A2 /* Assets.xcassets in Resources */,
				EBC875D41DF6253C000270A2 /* Main.storyboard in Resources */,
			);
			runOnlyForDeploymentPostprocessing = 0;
		};
/* End PBXResourcesBuildPhase section */

/* Begin PBXSourcesBuildPhase section */
		EBC875C21DF6253C000270A2 /* Sources */ = {
			isa = PBXSourcesBuildPhase;
			buildActionMask = 2147483647;
			files = (
				EBC875E51DF62CA7000270A2 /* MeuBanco.xcdatamodeld in Sources */,
				EBC875D11DF6253C000270A2 /* ViewController.m in Sources */,
				EBC875CE1DF6253C000270A2 /* AppDelegate.m in Sources */,
				EBC875E21DF62574000270A2 /* IESBPersistenceController.m in Sources */,
				EBC875CB1DF6253C000270A2 /* main.m in Sources */,
			);
			runOnlyForDeploymentPostprocessing = 0;
		};
/* End PBXSourcesBuildPhase section */

/* Begin PBXVariantGroup section */
		EBC875D21DF6253C000270A2 /* Main.storyboard */ = {
			isa = PBXVariantGroup;
			children = (
				EBC875D31DF6253C000270A2 /* Base */,
			);
			name = Main.storyboard;
			sourceTree = "<group>";
		};
		EBC875D71DF6253C000270A2 /* LaunchScreen.storyboard */ = {
			isa = PBXVariantGroup;
			children = (
				EBC875D81DF6253C000270A2 /* Base */,
			);
			name = LaunchScreen.storyboard;
			sourceTree = "<group>";
		};
/* End PBXVariantGroup section */

/* Begin XCBuildConfiguration section */
		EBC875DB1DF6253C000270A2 /* Debug */ = {
			isa = XCBuildConfiguration;
			buildSettings = {
				ALWAYS_SEARCH_USER_PATHS = NO;
				CLANG_ANALYZER_NONNULL = YES;
				CLANG_CXX_LANGUAGE_STANDARD = "gnu++0x";
				CLANG_CXX_LIBRARY = "libc++";
				CLANG_ENABLE_MODULES = YES;
				CLANG_ENABLE_OBJC_ARC = YES;
				CLANG_WARN_BOOL_CONVERSION = YES;
				CLANG_WARN_CONSTANT_CONVERSION = YES;
				CLANG_WARN_DIRECT_OBJC_ISA_USAGE = YES_ERROR;
				CLANG_WARN_DOCUMENTATION_COMMENTS = YES;
				CLANG_WARN_EMPTY_BODY = YES;
				CLANG_WARN_ENUM_CONVERSION = YES;
				CLANG_WARN_INFINITE_RECURSION = YES;
				CLANG_WARN_INT_CONVERSION = YES;
				CLANG_WARN_OBJC_ROOT_CLASS = YES_ERROR;
				CLANG_WARN_SUSPICIOUS_MOVES = YES;
				CLANG_WARN_UNREACHABLE_CODE = YES;
				CLANG_WARN__DUPLICATE_METHOD_MATCH = YES;
				"CODE_SIGN_IDENTITY[sdk=iphoneos*]" = "iPhone Developer";
				COPY_PHASE_STRIP = NO;
				DEBUG_INFORMATION_FORMAT = dwarf;
				ENABLE_STRICT_OBJC_MSGSEND = YES;
				ENABLE_TESTABILITY = YES;
				GCC_C_LANGUAGE_STANDARD = gnu99;
				GCC_DYNAMIC_NO_PIC = NO;
				GCC_NO_COMMON_BLOCKS = YES;
				GCC_OPTIMIZATION_LEVEL = 0;
				GCC_PREPROCESSOR_DEFINITIONS = (
					"DEBUG=1",
					"$(inherited)",
				);
				GCC_WARN_64_TO_32_BIT_CONVERSION = YES;
				GCC_WARN_ABOUT_RETURN_TYPE = YES_ERROR;
				GCC_WARN_UNDECLARED_SELECTOR = YES;
				GCC_WARN_UNINITIALIZED_AUTOS = YES_AGGRESSIVE;
				GCC_WARN_UNUSED_FUNCTION = YES;
				GCC_WARN_UNUSED_VARIABLE = YES;
				IPHONEOS_DEPLOYMENT_TARGET = 10.1;
				MTL_ENABLE_DEBUG_INFO = YES;
				ONLY_ACTIVE_ARCH = YES;
				SDKROOT = iphoneos;
				TARGETED_DEVICE_FAMILY = "1,2";
			};
			name = Debug;
		};
		EBC875DC1DF6253C000270A2 /* Release */ = {
			isa = XCBuildConfiguration;
			buildSettings = {
				ALWAYS_SEARCH_USER_PATHS = NO;
				CLANG_ANALYZER_NONNULL = YES;
				CLANG_CXX_LANGUAGE_STANDARD = "gnu++0x";
				CLANG_CXX_LIBRARY = "libc++";
				CLANG_ENABLE_MODULES = YES;
				CLANG_ENABLE_OBJC_ARC = YES;
				CLANG_WARN_BOOL_CONVERSION = YES;
				CLANG_WARN_CONSTANT_CONVERSION = YES;
				CLANG_WARN_DIRECT_OBJC_ISA_USAGE = YES_ERROR;
				CLANG_WARN_DOCUMENTATION_COMMENTS = YES;
				CLANG_WARN_EMPTY_BODY = YES;
				CLANG_WARN_ENUM_CONVERSION = YES;
				CLANG_WARN_INFINITE_RECURSION = YES;
				CLANG_WARN_INT_CONVERSION = YES;
				CLANG_WARN_OBJC_ROOT_CLASS = YES_ERROR;
				CLANG_WARN_SUSPICIOUS_MOVES = YES;
				CLANG_WARN_UNREACHABLE_CODE = YES;
				CLANG_WARN__DUPLICATE_METHOD_MATCH = YES;
				"CODE_SIGN_IDENTITY[sdk=iphoneos*]" = "iPhone Developer";
				COPY_PHASE_STRIP = NO;
				DEBUG_INFORMATION_FORMAT = "dwarf-with-dsym";
				ENABLE_NS_ASSERTIONS = NO;
				ENABLE_STRICT_OBJC_MSGSEND = YES;
				GCC_C_LANGUAGE_STANDARD = gnu99;
				GCC_NO_COMMON_BLOCKS = YES;
				GCC_WARN_64_TO_32_BIT_CONVERSION = YES;
				GCC_WARN_ABOUT_RETURN_TYPE = YES_ERROR;
				GCC_WARN_UNDECLARED_SELECTOR = YES;
				GCC_WARN_UNINITIALIZED_AUTOS = YES_AGGRESSIVE;
				GCC_WARN_UNUSED_FUNCTION = YES;
				GCC_WARN_UNUSED_VARIABLE = YES;
				IPHONEOS_DEPLOYMENT_TARGET = 10.1;
				MTL_ENABLE_DEBUG_INFO = NO;
				SDKROOT = iphoneos;
				TARGETED_DEVICE_FAMILY = "1,2";
				VALIDATE_PRODUCT = YES;
			};
			name = Release;
		};
		EBC875DE1DF6253C000270A2 /* Debug */ = {
			isa = XCBuildConfiguration;
			buildSettings = {
				ASSETCATALOG_COMPILER_APPICON_NAME = AppIcon;
				INFOPLIST_FILE = ExemploStackNaoTrivial/Info.plist;
				LD_RUNPATH_SEARCH_PATHS = "$(inherited) @executable_path/Frameworks";
				PRODUCT_BUNDLE_IDENTIFIER = br.iesb.ExemploStackNaoTrivial;
				PRODUCT_NAME = "$(TARGET_NAME)";
			};
			name = Debug;
		};
		EBC875DF1DF6253C000270A2 /* Release */ = {
			isa = XCBuildConfiguration;
			buildSettings = {
				ASSETCATALOG_COMPILER_APPICON_NAME = AppIcon;
				INFOPLIST_FILE = ExemploStackNaoTrivial/Info.plist;
				LD_RUNPATH_SEARCH_PATHS = "$(inherited) @executable_path/Frameworks";
				PRODUCT_BUNDLE_IDENTIFIER = br.iesb.ExemploStackNaoTrivial;
				PRODUCT_NAME = "$(TARGET_NAME)";
			};
			name = Release;
		};
/* End XCBuildConfiguration section */

/* Begin XCConfigurationList section */
		EBC875C11DF6253C000270A2 /* Build configuration list for PBXProject "ExemploStackNaoTrivial" */ = {
			isa = XCConfigurationList;
			buildConfigurations = (
				EBC875DB1DF6253C000270A2 /* Debug */,
				EBC875DC1DF6253C000270A2 /* Release */,
			);
			defaultConfigurationIsVisible = 0;
			defaultConfigurationName = Release;
		};
		EBC875DD1DF6253C000270A2 /* Build configuration list for PBXNativeTarget "ExemploStackNaoTrivial" */ = {
			isa = XCConfigurationList;
			buildConfigurations = (
				EBC875DE1DF6253C000270A2 /* Debug */,
				EBC875DF1DF6253C000270A2 /* Release */,
			);
			defaultConfigurationIsVisible = 0;
		};
/* End XCConfigurationList section */

/* Begin XCVersionGroup section */
		EBC875E31DF62CA7000270A2 /* MeuBanco.xcdatamodeld */ = {
			isa = XCVersionGroup;
			children = (
				EBC875E71DF63439000270A2 /* MeuBanco_Novo.xcdatamodel */,
				EBC875E41DF62CA7000270A2 /* MeuBanco.xcdatamodel */,
			);
			currentVersion = EBC875E41DF62CA7000270A2 /* MeuBanco.xcdatamodel */;
			path = MeuBanco.xcdatamodeld;
			sourceTree = "<group>";
			versionGroupType = wrapper.xcdatamodel;
		};
/* End XCVersionGroup section */
	};
	rootObject = EBC875BE1DF6253C000270A2 /* Project object */;
}
