// !$*UTF8*$!
{
	archiveVersion = 1;
	classes = {
	};
	objectVersion = 46;
	objects = {

/* Begin PBXBuildFile section */
		EBC5B5071D5BE11E00DE9944 /* main.m in Sources */ = {isa = PBXBuildFile; fileRef = EBC5B5061D5BE11E00DE9944 /* main.m */; };
		EBC5B50A1D5BE11E00DE9944 /* AppDelegate.m in Sources */ = {isa = PBXBuildFile; fileRef = EBC5B5091D5BE11E00DE9944 /* AppDelegate.m */; };
		EBC5B50D1D5BE11E00DE9944 /* ViewController.m in Sources */ = {isa = PBXBuildFile; fileRef = EBC5B50C1D5BE11E00DE9944 /* ViewController.m */; };
		EBC5B5101D5BE11E00DE9944 /* Main.storyboard in Resources */ = {isa = PBXBuildFile; fileRef = EBC5B50E1D5BE11E00DE9944 /* Main.storyboard */; };
		EBC5B5121D5BE11E00DE9944 /* Assets.xcassets in Resources */ = {isa = PBXBuildFile; fileRef = EBC5B5111D5BE11E00DE9944 /* Assets.xcassets */; };
		EBC5B5151D5BE11E00DE9944 /* LaunchScreen.storyboard in Resources */ = {isa = PBXBuildFile; fileRef = EBC5B5131D5BE11E00DE9944 /* LaunchScreen.storyboard */; };
		EBC5B51E1D5BE30E00DE9944 /* SegundaViewController.m in Sources */ = {isa = PBXBuildFile; fileRef = EBC5B51D1D5BE30E00DE9944 /* SegundaViewController.m */; };
/* End PBXBuildFile section */

/* Begin PBXFileReference section */
		EBC5B5021D5BE11E00DE9944 /* DesafioAula02.app */ = {isa = PBXFileReference; explicitFileType = wrapper.application; includeInIndex = 0; path = DesafioAula02.app; sourceTree = BUILT_PRODUCTS_DIR; };
		EBC5B5061D5BE11E00DE9944 /* main.m */ = {isa = PBXFileReference; lastKnownFileType = sourcecode.c.objc; path = main.m; sourceTree = "<group>"; };
		EBC5B5081D5BE11E00DE9944 /* AppDelegate.h */ = {isa = PBXFileReference; lastKnownFileType = sourcecode.c.h; path = AppDelegate.h; sourceTree = "<group>"; };
		EBC5B5091D5BE11E00DE9944 /* AppDelegate.m */ = {isa = PBXFileReference; lastKnownFileType = sourcecode.c.objc; path = AppDelegate.m; sourceTree = "<group>"; };
		EBC5B50B1D5BE11E00DE9944 /* ViewController.h */ = {isa = PBXFileReference; lastKnownFileType = sourcecode.c.h; path = ViewController.h; sourceTree = "<group>"; };
		EBC5B50C1D5BE11E00DE9944 /* ViewController.m */ = {isa = PBXFileReference; lastKnownFileType = sourcecode.c.objc; path = ViewController.m; sourceTree = "<group>"; };
		EBC5B50F1D5BE11E00DE9944 /* Base */ = {isa = PBXFileReference; lastKnownFileType = file.storyboard; name = Base; path = Base.lproj/Main.storyboard; sourceTree = "<group>"; };
		EBC5B5111D5BE11E00DE9944 /* Assets.xcassets */ = {isa = PBXFileReference; lastKnownFileType = folder.assetcatalog; path = Assets.xcassets; sourceTree = "<group>"; };
		EBC5B5141D5BE11E00DE9944 /* Base */ = {isa = PBXFileReference; lastKnownFileType = file.storyboard; name = Base; path = Base.lproj/LaunchScreen.storyboard; sourceTree = "<group>"; };
		EBC5B5161D5BE11E00DE9944 /* Info.plist */ = {isa = PBXFileReference; lastKnownFileType = text.plist.xml; path = Info.plist; sourceTree = "<group>"; };
		EBC5B51C1D5BE30E00DE9944 /* SegundaViewController.h */ = {isa = PBXFileReference; fileEncoding = 4; lastKnownFileType = sourcecode.c.h; path = SegundaViewController.h; sourceTree = "<group>"; };
		EBC5B51D1D5BE30E00DE9944 /* SegundaViewController.m */ = {isa = PBXFileReference; fileEncoding = 4; lastKnownFileType = sourcecode.c.objc; path = SegundaViewController.m; sourceTree = "<group>"; };
/* End PBXFileReference section */

/* Begin PBXFrameworksBuildPhase section */
		EBC5B4FF1D5BE11E00DE9944 /* Frameworks */ = {
			isa = PBXFrameworksBuildPhase;
			buildActionMask = 2147483647;
			files = (
			);
			runOnlyForDeploymentPostprocessing = 0;
		};
/* End PBXFrameworksBuildPhase section */

/* Begin PBXGroup section */
		EBC5B4F91D5BE11E00DE9944 = {
			isa = PBXGroup;
			children = (
				EBC5B5041D5BE11E00DE9944 /* DesafioAula02 */,
				EBC5B5031D5BE11E00DE9944 /* Products */,
			);
			sourceTree = "<group>";
		};
		EBC5B5031D5BE11E00DE9944 /* Products */ = {
			isa = PBXGroup;
			children = (
				EBC5B5021D5BE11E00DE9944 /* DesafioAula02.app */,
			);
			name = Products;
			sourceTree = "<group>";
		};
		EBC5B5041D5BE11E00DE9944 /* DesafioAula02 */ = {
			isa = PBXGroup;
			children = (
				EBC5B5081D5BE11E00DE9944 /* AppDelegate.h */,
				EBC5B5091D5BE11E00DE9944 /* AppDelegate.m */,
				EBC5B50B1D5BE11E00DE9944 /* ViewController.h */,
				EBC5B50C1D5BE11E00DE9944 /* ViewController.m */,
				EBC5B50E1D5BE11E00DE9944 /* Main.storyboard */,
				EBC5B5111D5BE11E00DE9944 /* Assets.xcassets */,
				EBC5B5131D5BE11E00DE9944 /* LaunchScreen.storyboard */,
				EBC5B5161D5BE11E00DE9944 /* Info.plist */,
				EBC5B5051D5BE11E00DE9944 /* Supporting Files */,
				EBC5B51C1D5BE30E00DE9944 /* SegundaViewController.h */,
				EBC5B51D1D5BE30E00DE9944 /* SegundaViewController.m */,
			);
			path = DesafioAula02;
			sourceTree = "<group>";
		};
		EBC5B5051D5BE11E00DE9944 /* Supporting Files */ = {
			isa = PBXGroup;
			children = (
				EBC5B5061D5BE11E00DE9944 /* main.m */,
			);
			name = "Supporting Files";
			sourceTree = "<group>";
		};
/* End PBXGroup section */

/* Begin PBXNativeTarget section */
		EBC5B5011D5BE11E00DE9944 /* DesafioAula02 */ = {
			isa = PBXNativeTarget;
			buildConfigurationList = EBC5B5191D5BE11E00DE9944 /* Build configuration list for PBXNativeTarget "DesafioAula02" */;
			buildPhases = (
				EBC5B4FE1D5BE11E00DE9944 /* Sources */,
				EBC5B4FF1D5BE11E00DE9944 /* Frameworks */,
				EBC5B5001D5BE11E00DE9944 /* Resources */,
			);
			buildRules = (
			);
			dependencies = (
			);
			name = DesafioAula02;
			productName = DesafioAula02;
			productReference = EBC5B5021D5BE11E00DE9944 /* DesafioAula02.app */;
			productType = "com.apple.product-type.application";
		};
/* End PBXNativeTarget section */

/* Begin PBXProject section */
		EBC5B4FA1D5BE11E00DE9944 /* Project object */ = {
			isa = PBXProject;
			attributes = {
				LastUpgradeCheck = 0730;
				ORGANIZATIONNAME = IESB;
				TargetAttributes = {
					EBC5B5011D5BE11E00DE9944 = {
						CreatedOnToolsVersion = 7.3.1;
					};
				};
			};
			buildConfigurationList = EBC5B4FD1D5BE11E00DE9944 /* Build configuration list for PBXProject "DesafioAula02" */;
			compatibilityVersion = "Xcode 3.2";
			developmentRegion = English;
			hasScannedForEncodings = 0;
			knownRegions = (
				en,
				Base,
			);
			mainGroup = EBC5B4F91D5BE11E00DE9944;
			productRefGroup = EBC5B5031D5BE11E00DE9944 /* Products */;
			projectDirPath = "";
			projectRoot = "";
			targets = (
				EBC5B5011D5BE11E00DE9944 /* DesafioAula02 */,
			);
		};
/* End PBXProject section */

/* Begin PBXResourcesBuildPhase section */
		EBC5B5001D5BE11E00DE9944 /* Resources */ = {
			isa = PBXResourcesBuildPhase;
			buildActionMask = 2147483647;
			files = (
				EBC5B5151D5BE11E00DE9944 /* LaunchScreen.storyboard in Resources */,
				EBC5B5121D5BE11E00DE9944 /* Assets.xcassets in Resources */,
				EBC5B5101D5BE11E00DE9944 /* Main.storyboard in Resources */,
			);
			runOnlyForDeploymentPostprocessing = 0;
		};
/* End PBXResourcesBuildPhase section */

/* Begin PBXSourcesBuildPhase section */
		EBC5B4FE1D5BE11E00DE9944 /* Sources */ = {
			isa = PBXSourcesBuildPhase;
			buildActionMask = 2147483647;
			files = (
				EBC5B51E1D5BE30E00DE9944 /* SegundaViewController.m in Sources */,
				EBC5B50D1D5BE11E00DE9944 /* ViewController.m in Sources */,
				EBC5B50A1D5BE11E00DE9944 /* AppDelegate.m in Sources */,
				EBC5B5071D5BE11E00DE9944 /* main.m in Sources */,
			);
			runOnlyForDeploymentPostprocessing = 0;
		};
/* End PBXSourcesBuildPhase section */

/* Begin PBXVariantGroup section */
		EBC5B50E1D5BE11E00DE9944 /* Main.storyboard */ = {
			isa = PBXVariantGroup;
			children = (
				EBC5B50F1D5BE11E00DE9944 /* Base */,
			);
			name = Main.storyboard;
			sourceTree = "<group>";
		};
		EBC5B5131D5BE11E00DE9944 /* LaunchScreen.storyboard */ = {
			isa = PBXVariantGroup;
			children = (
				EBC5B5141D5BE11E00DE9944 /* Base */,
			);
			name = LaunchScreen.storyboard;
			sourceTree = "<group>";
		};
/* End PBXVariantGroup section */

/* Begin XCBuildConfiguration section */
		EBC5B5171D5BE11E00DE9944 /* Debug */ = {
			isa = XCBuildConfiguration;
			buildSettings = {
				ALWAYS_SEARCH_USER_PATHS = NO;
				CLANG_ANALYZER_NONNULL = YES;
				CLANG_CXX_LANGUAGE_STANDARD = "gnu++0x";
				CLANG_CXX_LIBRARY = "libc++";
				CLANG_ENABLE_MODULES = YES;
				CLANG_ENABLE_OBJC_ARC = YES;
				CLANG_WARN_BOOL_CONVERSION = YES;
				CLANG_WARN_CONSTANT_CONVERSION = YES;
				CLANG_WARN_DIRECT_OBJC_ISA_USAGE = YES_ERROR;
				CLANG_WARN_EMPTY_BODY = YES;
				CLANG_WARN_ENUM_CONVERSION = YES;
				CLANG_WARN_INT_CONVERSION = YES;
				CLANG_WARN_OBJC_ROOT_CLASS = YES_ERROR;
				CLANG_WARN_UNREACHABLE_CODE = YES;
				CLANG_WARN__DUPLICATE_METHOD_MATCH = YES;
				"CODE_SIGN_IDENTITY[sdk=iphoneos*]" = "iPhone Developer";
				COPY_PHASE_STRIP = NO;
				DEBUG_INFORMATION_FORMAT = dwarf;
				ENABLE_STRICT_OBJC_MSGSEND = YES;
				ENABLE_TESTABILITY = YES;
				GCC_C_LANGUAGE_STANDARD = gnu99;
				GCC_DYNAMIC_NO_PIC = NO;
				GCC_NO_COMMON_BLOCKS = YES;
				GCC_OPTIMIZATION_LEVEL = 0;
				GCC_PREPROCESSOR_DEFINITIONS = (
					"DEBUG=1",
					"$(inherited)",
				);
				GCC_WARN_64_TO_32_BIT_CONVERSION = YES;
				GCC_WARN_ABOUT_RETURN_TYPE = YES_ERROR;
				GCC_WARN_UNDECLARED_SELECTOR = YES;
				GCC_WARN_UNINITIALIZED_AUTOS = YES_AGGRESSIVE;
				GCC_WARN_UNUSED_FUNCTION = YES;
				GCC_WARN_UNUSED_VARIABLE = YES;
				IPHONEOS_DEPLOYMENT_TARGET = 9.3;
				MTL_ENABLE_DEBUG_INFO = YES;
				ONLY_ACTIVE_ARCH = YES;
				SDKROOT = iphoneos;
				TARGETED_DEVICE_FAMILY = "1,2";
			};
			name = Debug;
		};
		EBC5B5181D5BE11E00DE9944 /* Release */ = {
			isa = XCBuildConfiguration;
			buildSettings = {
				ALWAYS_SEARCH_USER_PATHS = NO;
				CLANG_ANALYZER_NONNULL = YES;
				CLANG_CXX_LANGUAGE_STANDARD = "gnu++0x";
				CLANG_CXX_LIBRARY = "libc++";
				CLANG_ENABLE_MODULES = YES;
				CLANG_ENABLE_OBJC_ARC = YES;
				CLANG_WARN_BOOL_CONVERSION = YES;
				CLANG_WARN_CONSTANT_CONVERSION = YES;
				CLANG_WARN_DIRECT_OBJC_ISA_USAGE = YES_ERROR;
				CLANG_WARN_EMPTY_BODY = YES;
				CLANG_WARN_ENUM_CONVERSION = YES;
				CLANG_WARN_INT_CONVERSION = YES;
				CLANG_WARN_OBJC_ROOT_CLASS = YES_ERROR;
				CLANG_WARN_UNREACHABLE_CODE = YES;
				CLANG_WARN__DUPLICATE_METHOD_MATCH = YES;
				"CODE_SIGN_IDENTITY[sdk=iphoneos*]" = "iPhone Developer";
				COPY_PHASE_STRIP = NO;
				DEBUG_INFORMATION_FORMAT = "dwarf-with-dsym";
				ENABLE_NS_ASSERTIONS = NO;
				ENABLE_STRICT_OBJC_MSGSEND = YES;
				GCC_C_LANGUAGE_STANDARD = gnu99;
				GCC_NO_COMMON_BLOCKS = YES;
				GCC_WARN_64_TO_32_BIT_CONVERSION = YES;
				GCC_WARN_ABOUT_RETURN_TYPE = YES_ERROR;
				GCC_WARN_UNDECLARED_SELECTOR = YES;
				GCC_WARN_UNINITIALIZED_AUTOS = YES_AGGRESSIVE;
				GCC_WARN_UNUSED_FUNCTION = YES;
				GCC_WARN_UNUSED_VARIABLE = YES;
				IPHONEOS_DEPLOYMENT_TARGET = 9.3;
				MTL_ENABLE_DEBUG_INFO = NO;
				SDKROOT = iphoneos;
				TARGETED_DEVICE_FAMILY = "1,2";
				VALIDATE_PRODUCT = YES;
			};
			name = Release;
		};
		EBC5B51A1D5BE11E00DE9944 /* Debug */ = {
			isa = XCBuildConfiguration;
			buildSettings = {
				ASSETCATALOG_COMPILER_APPICON_NAME = AppIcon;
				INFOPLIST_FILE = DesafioAula02/Info.plist;
				LD_RUNPATH_SEARCH_PATHS = "$(inherited) @executable_path/Frameworks";
				PRODUCT_BUNDLE_IDENTIFIER = br.iesb.DesafioAula02;
				PRODUCT_NAME = "$(TARGET_NAME)";
			};
			name = Debug;
		};
		EBC5B51B1D5BE11E00DE9944 /* Release */ = {
			isa = XCBuildConfiguration;
			buildSettings = {
				ASSETCATALOG_COMPILER_APPICON_NAME = AppIcon;
				INFOPLIST_FILE = DesafioAula02/Info.plist;
				LD_RUNPATH_SEARCH_PATHS = "$(inherited) @executable_path/Frameworks";
				PRODUCT_BUNDLE_IDENTIFIER = br.iesb.DesafioAula02;
				PRODUCT_NAME = "$(TARGET_NAME)";
			};
			name = Release;
		};
/* End XCBuildConfiguration section */

/* Begin XCConfigurationList section */
		EBC5B4FD1D5BE11E00DE9944 /* Build configuration list for PBXProject "DesafioAula02" */ = {
			isa = XCConfigurationList;
			buildConfigurations = (
				EBC5B5171D5BE11E00DE9944 /* Debug */,
				EBC5B5181D5BE11E00DE9944 /* Release */,
			);
			defaultConfigurationIsVisible = 0;
			defaultConfigurationName = Release;
		};
		EBC5B5191D5BE11E00DE9944 /* Build configuration list for PBXNativeTarget "DesafioAula02" */ = {
			isa = XCConfigurationList;
			buildConfigurations = (
				EBC5B51A1D5BE11E00DE9944 /* Debug */,
				EBC5B51B1D5BE11E00DE9944 /* Release */,
			);
			defaultConfigurationIsVisible = 0;
		};
/* End XCConfigurationList section */
	};
	rootObject = EBC5B4FA1D5BE11E00DE9944 /* Project object */;
}
